
Microsoft Visual Studio Solution File, Format Version 12.00
# Visual Studio 15
VisualStudioVersion = 15.0.27703.2035
MinimumVisualStudioVersion = 10.0.40219.1
Project("{FAE04EC0-301F-11D3-BF4B-00C04F79EFBC}") = "RumahSakit", "RumahSakit\RumahSakit.csproj", "{84C9EC53-95A7-4335-9B27-D9820EBF1B8F}"
EndProject
Global
	GlobalSection(SolutionConfigurationPlatforms) = preSolution
		Debug|Any CPU = Debug|Any CPU
		Release|Any CPU = Release|Any CPU
	EndGlobalSection
	GlobalSection(ProjectConfigurationPlatforms) = postSolution
		{84C9EC53-95A7-4335-9B27-D9820EBF1B8F}.Debug|Any CPU.ActiveCfg = Debug|Any CPU
		{84C9EC53-95A7-4335-9B27-D9820EBF1B8F}.Debug|Any CPU.Build.0 = Debug|Any CPU
		{84C9EC53-95A7-4335-9B27-D9820EBF1B8F}.Release|Any CPU.ActiveCfg = Release|Any CPU
		{84C9EC53-95A7-4335-9B27-D9820EBF1B8F}.Release|Any CPU.Build.0 = Release|Any CPU
	EndGlobalSection
	GlobalSection(SolutionProperties) = preSolution
		HideSolutionNode = FALSE
	EndGlobalSection
	GlobalSection(ExtensibilityGlobals) = postSolution
		SolutionGuid = {9374E1DC-2681-4694-A53E-3E00EC9EFAFF}
	EndGlobalSection
EndGlobal
